
Microsoft Visual Studio Solution File, Format Version 12.00
# Visual Studio Version 16
VisualStudioVersion = 16.0.29306.81
MinimumVisualStudioVersion = 10.0.40219.1
Project("{FAE04EC0-301F-11D3-BF4B-00C04F79EFBC}") = "PokemonWPF", "PokemonWPF.csproj", "{D12DDF62-8582-47FA-8F4A-D4A1FE7820D1}"
EndProject
Global
	GlobalSection(SolutionConfigurationPlatforms) = preSolution
		Debug|Any CPU = Debug|Any CPU
		Release|Any CPU = Release|Any CPU
	EndGlobalSection
	GlobalSection(ProjectConfigurationPlatforms) = postSolution
		{D12DDF62-8582-47FA-8F4A-D4A1FE7820D1}.Debug|Any CPU.ActiveCfg = Debug|Any CPU
		{D12DDF62-8582-47FA-8F4A-D4A1FE7820D1}.Debug|Any CPU.Build.0 = Debug|Any CPU
		{D12DDF62-8582-47FA-8F4A-D4A1FE7820D1}.Release|Any CPU.ActiveCfg = Release|Any CPU
		{D12DDF62-8582-47FA-8F4A-D4A1FE7820D1}.Release|Any CPU.Build.0 = Release|Any CPU
	EndGlobalSection
	GlobalSection(SolutionProperties) = preSolution
		HideSolutionNode = FALSE
	EndGlobalSection
	GlobalSection(ExtensibilityGlobals) = postSolution
		SolutionGuid = {39701716-D3D6-4E1D-B699-C2B5A7C52A28}
	EndGlobalSection
EndGlobal
